// !$*UTF8*$!
{
	archiveVersion = 1;
	classes = {
	};
	objectVersion = 48;
	objects = {

/* Begin PBXBuildFile section */
		461EBB8B207E363A00EB5947 /* AppDelegate.m in Sources */ = {isa = PBXBuildFile; fileRef = 461EBB8A207E363A00EB5947 /* AppDelegate.m */; };
		461EBB91207E363A00EB5947 /* Main.storyboard in Resources */ = {isa = PBXBuildFile; fileRef = 461EBB8F207E363A00EB5947 /* Main.storyboard */; };
		461EBB93207E363A00EB5947 /* Assets.xcassets in Resources */ = {isa = PBXBuildFile; fileRef = 461EBB92207E363A00EB5947 /* Assets.xcassets */; };
		461EBB96207E363A00EB5947 /* LaunchScreen.storyboard in Resources */ = {isa = PBXBuildFile; fileRef = 461EBB94207E363A00EB5947 /* LaunchScreen.storyboard */; };
		461EBB99207E363A00EB5947 /* main.m in Sources */ = {isa = PBXBuildFile; fileRef = 461EBB98207E363A00EB5947 /* main.m */; };
		461EBBA3207E36AC00EB5947 /* XDSTableView.m in Sources */ = {isa = PBXBuildFile; fileRef = 461EBB9F207E36AC00EB5947 /* XDSTableView.m */; };
		461EBBA4207E36AC00EB5947 /* ViewController.m in Sources */ = {isa = PBXBuildFile; fileRef = 461EBBA0207E36AC00EB5947 /* ViewController.m */; };
		464B2C08213BA295000D17F0 /* XDSTableViewCell.m in Sources */ = {isa = PBXBuildFile; fileRef = 464B2C06213BA295000D17F0 /* XDSTableViewCell.m */; };
		464B2C09213BA295000D17F0 /* XDSTableViewCell.xib in Resources */ = {isa = PBXBuildFile; fileRef = 464B2C07213BA295000D17F0 /* XDSTableViewCell.xib */; };
		464B2C0C213BA84C000D17F0 /* XDSScrollView.m in Sources */ = {isa = PBXBuildFile; fileRef = 464B2C0B213BA84C000D17F0 /* XDSScrollView.m */; };
		464B2C10213BAC08000D17F0 /* XDSHeaderView.m in Sources */ = {isa = PBXBuildFile; fileRef = 464B2C0E213BAC08000D17F0 /* XDSHeaderView.m */; };
		464B2C11213BAC08000D17F0 /* XDSHeaderView.xib in Resources */ = {isa = PBXBuildFile; fileRef = 464B2C0F213BAC08000D17F0 /* XDSHeaderView.xib */; };
		464B2C14213BB19A000D17F0 /* UIView+Frame.m in Sources */ = {isa = PBXBuildFile; fileRef = 464B2C13213BB19A000D17F0 /* UIView+Frame.m */; };
		464B2C18213BB640000D17F0 /* XDSTaxiView.m in Sources */ = {isa = PBXBuildFile; fileRef = 464B2C15213BB63F000D17F0 /* XDSTaxiView.m */; };
		464B2C19213BB640000D17F0 /* XDSTaxiView.xib in Resources */ = {isa = PBXBuildFile; fileRef = 464B2C16213BB63F000D17F0 /* XDSTaxiView.xib */; };
/* End PBXBuildFile section */

/* Begin PBXFileReference section */
		461EBB86207E363A00EB5947 /* MapAndTableDemo.app */ = {isa = PBXFileReference; explicitFileType = wrapper.application; includeInIndex = 0; path = MapAndTableDemo.app; sourceTree = BUILT_PRODUCTS_DIR; };
		461EBB89207E363A00EB5947 /* AppDelegate.h */ = {isa = PBXFileReference; lastKnownFileType = sourcecode.c.h; path = AppDelegate.h; sourceTree = "<group>"; };
		461EBB8A207E363A00EB5947 /* AppDelegate.m */ = {isa = PBXFileReference; lastKnownFileType = sourcecode.c.objc; path = AppDelegate.m; sourceTree = "<group>"; };
		461EBB90207E363A00EB5947 /* Base */ = {isa = PBXFileReference; lastKnownFileType = file.storyboard; name = Base; path = Base.lproj/Main.storyboard; sourceTree = "<group>"; };
		461EBB92207E363A00EB5947 /* Assets.xcassets */ = {isa = PBXFileReference; lastKnownFileType = folder.assetcatalog; path = Assets.xcassets; sourceTree = "<group>"; };
		461EBB95207E363A00EB5947 /* Base */ = {isa = PBXFileReference; lastKnownFileType = file.storyboard; name = Base; path = Base.lproj/LaunchScreen.storyboard; sourceTree = "<group>"; };
		461EBB97207E363A00EB5947 /* Info.plist */ = {isa = PBXFileReference; lastKnownFileType = text.plist.xml; path = Info.plist; sourceTree = "<group>"; };
		461EBB98207E363A00EB5947 /* main.m */ = {isa = PBXFileReference; lastKnownFileType = sourcecode.c.objc; path = main.m; sourceTree = "<group>"; };
		461EBB9F207E36AC00EB5947 /* XDSTableView.m */ = {isa = PBXFileReference; fileEncoding = 4; lastKnownFileType = sourcecode.c.objc; path = XDSTableView.m; sourceTree = "<group>"; };
		461EBBA0207E36AC00EB5947 /* ViewController.m */ = {isa = PBXFileReference; fileEncoding = 4; lastKnownFileType = sourcecode.c.objc; path = ViewController.m; sourceTree = "<group>"; };
		461EBBA1207E36AC00EB5947 /* XDSTableView.h */ = {isa = PBXFileReference; fileEncoding = 4; lastKnownFileType = sourcecode.c.h; path = XDSTableView.h; sourceTree = "<group>"; };
		461EBBA2207E36AC00EB5947 /* ViewController.h */ = {isa = PBXFileReference; fileEncoding = 4; lastKnownFileType = sourcecode.c.h; path = ViewController.h; sourceTree = "<group>"; };
		464B2C05213BA295000D17F0 /* XDSTableViewCell.h */ = {isa = PBXFileReference; lastKnownFileType = sourcecode.c.h; path = XDSTableViewCell.h; sourceTree = "<group>"; };
		464B2C06213BA295000D17F0 /* XDSTableViewCell.m */ = {isa = PBXFileReference; lastKnownFileType = sourcecode.c.objc; path = XDSTableViewCell.m; sourceTree = "<group>"; };
		464B2C07213BA295000D17F0 /* XDSTableViewCell.xib */ = {isa = PBXFileReference; lastKnownFileType = file.xib; path = XDSTableViewCell.xib; sourceTree = "<group>"; };
		464B2C0A213BA84C000D17F0 /* XDSScrollView.h */ = {isa = PBXFileReference; fileEncoding = 4; lastKnownFileType = sourcecode.c.h; path = XDSScrollView.h; sourceTree = "<group>"; };
		464B2C0B213BA84C000D17F0 /* XDSScrollView.m */ = {isa = PBXFileReference; fileEncoding = 4; lastKnownFileType = sourcecode.c.objc; path = XDSScrollView.m; sourceTree = "<group>"; };
		464B2C0D213BAC08000D17F0 /* XDSHeaderView.h */ = {isa = PBXFileReference; fileEncoding = 4; lastKnownFileType = sourcecode.c.h; path = XDSHeaderView.h; sourceTree = "<group>"; };
		464B2C0E213BAC08000D17F0 /* XDSHeaderView.m */ = {isa = PBXFileReference; fileEncoding = 4; lastKnownFileType = sourcecode.c.objc; path = XDSHeaderView.m; sourceTree = "<group>"; };
		464B2C0F213BAC08000D17F0 /* XDSHeaderView.xib */ = {isa = PBXFileReference; fileEncoding = 4; lastKnownFileType = file.xib; path = XDSHeaderView.xib; sourceTree = "<group>"; };
		464B2C12213BB199000D17F0 /* UIView+Frame.h */ = {isa = PBXFileReference; fileEncoding = 4; lastKnownFileType = sourcecode.c.h; path = "UIView+Frame.h"; sourceTree = "<group>"; };
		464B2C13213BB19A000D17F0 /* UIView+Frame.m */ = {isa = PBXFileReference; fileEncoding = 4; lastKnownFileType = sourcecode.c.objc; path = "UIView+Frame.m"; sourceTree = "<group>"; };
		464B2C15213BB63F000D17F0 /* XDSTaxiView.m */ = {isa = PBXFileReference; fileEncoding = 4; lastKnownFileType = sourcecode.c.objc; path = XDSTaxiView.m; sourceTree = "<group>"; };
		464B2C16213BB63F000D17F0 /* XDSTaxiView.xib */ = {isa = PBXFileReference; fileEncoding = 4; lastKnownFileType = file.xib; path = XDSTaxiView.xib; sourceTree = "<group>"; };
		464B2C17213BB63F000D17F0 /* XDSTaxiView.h */ = {isa = PBXFileReference; fileEncoding = 4; lastKnownFileType = sourcecode.c.h; path = XDSTaxiView.h; sourceTree = "<group>"; };
/* End PBXFileReference section */

/* Begin PBXFrameworksBuildPhase section */
		461EBB83207E363A00EB5947 /* Frameworks */ = {
			isa = PBXFrameworksBuildPhase;
			buildActionMask = 2147483647;
			files = (
			);
			runOnlyForDeploymentPostprocessing = 0;
		};
/* End PBXFrameworksBuildPhase section */

/* Begin PBXGroup section */
		461EBB7D207E363A00EB5947 = {
			isa = PBXGroup;
			children = (
				461EBB88207E363A00EB5947 /* MapAndTableDemo */,
				461EBB87207E363A00EB5947 /* Products */,
			);
			sourceTree = "<group>";
		};
		461EBB87207E363A00EB5947 /* Products */ = {
			isa = PBXGroup;
			children = (
				461EBB86207E363A00EB5947 /* MapAndTableDemo.app */,
			);
			name = Products;
			sourceTree = "<group>";
		};
		461EBB88207E363A00EB5947 /* MapAndTableDemo */ = {
			isa = PBXGroup;
			children = (
				464B2C1A213BBEC8000D17F0 /* Classes */,
				461EBB89207E363A00EB5947 /* AppDelegate.h */,
				461EBB8A207E363A00EB5947 /* AppDelegate.m */,
				461EBB8F207E363A00EB5947 /* Main.storyboard */,
				461EBB92207E363A00EB5947 /* Assets.xcassets */,
				461EBB94207E363A00EB5947 /* LaunchScreen.storyboard */,
				461EBB97207E363A00EB5947 /* Info.plist */,
				461EBB98207E363A00EB5947 /* main.m */,
			);
			path = MapAndTableDemo;
			sourceTree = "<group>";
		};
		464B2C1A213BBEC8000D17F0 /* Classes */ = {
			isa = PBXGroup;
			children = (
				464B2C1B213BBEFC000D17F0 /* Main */,
				464B2C12213BB199000D17F0 /* UIView+Frame.h */,
				464B2C13213BB19A000D17F0 /* UIView+Frame.m */,
			);
			path = Classes;
			sourceTree = "<group>";
		};
		464B2C1B213BBEFC000D17F0 /* Main */ = {
			isa = PBXGroup;
			children = (
				464B2C1C213BBF12000D17F0 /* Controller */,
				464B2C1D213BBF25000D17F0 /* Model */,
				464B2C1E213BBF2F000D17F0 /* View */,
			);
			path = Main;
			sourceTree = "<group>";
		};
		464B2C1C213BBF12000D17F0 /* Controller */ = {
			isa = PBXGroup;
			children = (
				461EBBA2207E36AC00EB5947 /* ViewController.h */,
				461EBBA0207E36AC00EB5947 /* ViewController.m */,
			);
			path = Controller;
			sourceTree = "<group>";
		};
		464B2C1D213BBF25000D17F0 /* Model */ = {
			isa = PBXGroup;
			children = (
			);
			path = Model;
			sourceTree = "<group>";
		};
		464B2C1E213BBF2F000D17F0 /* View */ = {
			isa = PBXGroup;
			children = (
				464B2C0A213BA84C000D17F0 /* XDSScrollView.h */,
				464B2C0B213BA84C000D17F0 /* XDSScrollView.m */,
				461EBBA1207E36AC00EB5947 /* XDSTableView.h */,
				461EBB9F207E36AC00EB5947 /* XDSTableView.m */,
				464B2C05213BA295000D17F0 /* XDSTableViewCell.h */,
				464B2C06213BA295000D17F0 /* XDSTableViewCell.m */,
				464B2C07213BA295000D17F0 /* XDSTableViewCell.xib */,
				464B2C0D213BAC08000D17F0 /* XDSHeaderView.h */,
				464B2C0E213BAC08000D17F0 /* XDSHeaderView.m */,
				464B2C0F213BAC08000D17F0 /* XDSHeaderView.xib */,
				464B2C17213BB63F000D17F0 /* XDSTaxiView.h */,
				464B2C15213BB63F000D17F0 /* XDSTaxiView.m */,
				464B2C16213BB63F000D17F0 /* XDSTaxiView.xib */,
			);
			path = View;
			sourceTree = "<group>";
		};
/* End PBXGroup section */

/* Begin PBXNativeTarget section */
		461EBB85207E363A00EB5947 /* MapAndTableDemo */ = {
			isa = PBXNativeTarget;
			buildConfigurationList = 461EBB9C207E363A00EB5947 /* Build configuration list for PBXNativeTarget "MapAndTableDemo" */;
			buildPhases = (
				461EBB82207E363A00EB5947 /* Sources */,
				461EBB83207E363A00EB5947 /* Frameworks */,
				461EBB84207E363A00EB5947 /* Resources */,
			);
			buildRules = (
			);
			dependencies = (
			);
			name = MapAndTableDemo;
			productName = MapAndTableDemo;
			productReference = 461EBB86207E363A00EB5947 /* MapAndTableDemo.app */;
			productType = "com.apple.product-type.application";
		};
/* End PBXNativeTarget section */

/* Begin PBXProject section */
		461EBB7E207E363A00EB5947 /* Project object */ = {
			isa = PBXProject;
			attributes = {
				LastUpgradeCheck = 0920;
				ORGANIZATIONNAME = itiis;
				TargetAttributes = {
					461EBB85207E363A00EB5947 = {
						CreatedOnToolsVersion = 9.2;
						ProvisioningStyle = Automatic;
					};
				};
			};
			buildConfigurationList = 461EBB81207E363A00EB5947 /* Build configuration list for PBXProject "MapAndTableDemo" */;
			compatibilityVersion = "Xcode 8.0";
			developmentRegion = en;
			hasScannedForEncodings = 0;
			knownRegions = (
				en,
				Base,
			);
			mainGroup = 461EBB7D207E363A00EB5947;
			productRefGroup = 461EBB87207E363A00EB5947 /* Products */;
			projectDirPath = "";
			projectRoot = "";
			targets = (
				461EBB85207E363A00EB5947 /* MapAndTableDemo */,
			);
		};
/* End PBXProject section */

/* Begin PBXResourcesBuildPhase section */
		461EBB84207E363A00EB5947 /* Resources */ = {
			isa = PBXResourcesBuildPhase;
			buildActionMask = 2147483647;
			files = (
				461EBB96207E363A00EB5947 /* LaunchScreen.storyboard in Resources */,
				461EBB93207E363A00EB5947 /* Assets.xcassets in Resources */,
				461EBB91207E363A00EB5947 /* Main.storyboard in Resources */,
				464B2C09213BA295000D17F0 /* XDSTableViewCell.xib in Resources */,
				464B2C19213BB640000D17F0 /* XDSTaxiView.xib in Resources */,
				464B2C11213BAC08000D17F0 /* XDSHeaderView.xib in Resources */,
			);
			runOnlyForDeploymentPostprocessing = 0;
		};
/* End PBXResourcesBuildPhase section */

/* Begin PBXSourcesBuildPhase section */
		461EBB82207E363A00EB5947 /* Sources */ = {
			isa = PBXSourcesBuildPhase;
			buildActionMask = 2147483647;
			files = (
				461EBB99207E363A00EB5947 /* main.m in Sources */,
				464B2C0C213BA84C000D17F0 /* XDSScrollView.m in Sources */,
				464B2C14213BB19A000D17F0 /* UIView+Frame.m in Sources */,
				464B2C08213BA295000D17F0 /* XDSTableViewCell.m in Sources */,
				461EBBA4207E36AC00EB5947 /* ViewController.m in Sources */,
				461EBB8B207E363A00EB5947 /* AppDelegate.m in Sources */,
				464B2C10213BAC08000D17F0 /* XDSHeaderView.m in Sources */,
				464B2C18213BB640000D17F0 /* XDSTaxiView.m in Sources */,
				461EBBA3207E36AC00EB5947 /* XDSTableView.m in Sources */,
			);
			runOnlyForDeploymentPostprocessing = 0;
		};
/* End PBXSourcesBuildPhase section */

/* Begin PBXVariantGroup section */
		461EBB8F207E363A00EB5947 /* Main.storyboard */ = {
			isa = PBXVariantGroup;
			children = (
				461EBB90207E363A00EB5947 /* Base */,
			);
			name = Main.storyboard;
			sourceTree = "<group>";
		};
		461EBB94207E363A00EB5947 /* LaunchScreen.storyboard */ = {
			isa = PBXVariantGroup;
			children = (
				461EBB95207E363A00EB5947 /* Base */,
			);
			name = LaunchScreen.storyboard;
			sourceTree = "<group>";
		};
/* End PBXVariantGroup section */

/* Begin XCBuildConfiguration section */
		461EBB9A207E363A00EB5947 /* Debug */ = {
			isa = XCBuildConfiguration;
			buildSettings = {
				ALWAYS_SEARCH_USER_PATHS = NO;
				CLANG_ANALYZER_NONNULL = YES;
				CLANG_ANALYZER_NUMBER_OBJECT_CONVERSION = YES_AGGRESSIVE;
				CLANG_CXX_LANGUAGE_STANDARD = "gnu++14";
				CLANG_CXX_LIBRARY = "libc++";
				CLANG_ENABLE_MODULES = YES;
				CLANG_ENABLE_OBJC_ARC = YES;
				CLANG_WARN_BLOCK_CAPTURE_AUTORELEASING = YES;
				CLANG_WARN_BOOL_CONVERSION = YES;
				CLANG_WARN_COMMA = YES;
				CLANG_WARN_CONSTANT_CONVERSION = YES;
				CLANG_WARN_DIRECT_OBJC_ISA_USAGE = YES_ERROR;
				CLANG_WARN_DOCUMENTATION_COMMENTS = YES;
				CLANG_WARN_EMPTY_BODY = YES;
				CLANG_WARN_ENUM_CONVERSION = YES;
				CLANG_WARN_INFINITE_RECURSION = YES;
				CLANG_WARN_INT_CONVERSION = YES;
				CLANG_WARN_NON_LITERAL_NULL_CONVERSION = YES;
				CLANG_WARN_OBJC_LITERAL_CONVERSION = YES;
				CLANG_WARN_OBJC_ROOT_CLASS = YES_ERROR;
				CLANG_WARN_RANGE_LOOP_ANALYSIS = YES;
				CLANG_WARN_STRICT_PROTOTYPES = YES;
				CLANG_WARN_SUSPICIOUS_MOVE = YES;
				CLANG_WARN_UNGUARDED_AVAILABILITY = YES_AGGRESSIVE;
				CLANG_WARN_UNREACHABLE_CODE = YES;
				CLANG_WARN__DUPLICATE_METHOD_MATCH = YES;
				CODE_SIGN_IDENTITY = "iPhone Developer";
				COPY_PHASE_STRIP = NO;
				DEBUG_INFORMATION_FORMAT = dwarf;
				ENABLE_STRICT_OBJC_MSGSEND = YES;
				ENABLE_TESTABILITY = YES;
				GCC_C_LANGUAGE_STANDARD = gnu11;
				GCC_DYNAMIC_NO_PIC = NO;
				GCC_NO_COMMON_BLOCKS = YES;
				GCC_OPTIMIZATION_LEVEL = 0;
				GCC_PREPROCESSOR_DEFINITIONS = (
					"DEBUG=1",
					"$(inherited)",
				);
				GCC_WARN_64_TO_32_BIT_CONVERSION = YES;
				GCC_WARN_ABOUT_RETURN_TYPE = YES_ERROR;
				GCC_WARN_UNDECLARED_SELECTOR = YES;
				GCC_WARN_UNINITIALIZED_AUTOS = YES_AGGRESSIVE;
				GCC_WARN_UNUSED_FUNCTION = YES;
				GCC_WARN_UNUSED_VARIABLE = YES;
				IPHONEOS_DEPLOYMENT_TARGET = 11.2;
				MTL_ENABLE_DEBUG_INFO = YES;
				ONLY_ACTIVE_ARCH = YES;
				SDKROOT = iphoneos;
			};
			name = Debug;
		};
		461EBB9B207E363A00EB5947 /* Release */ = {
			isa = XCBuildConfiguration;
			buildSettings = {
				ALWAYS_SEARCH_USER_PATHS = NO;
				CLANG_ANALYZER_NONNULL = YES;
				CLANG_ANALYZER_NUMBER_OBJECT_CONVERSION = YES_AGGRESSIVE;
				CLANG_CXX_LANGUAGE_STANDARD = "gnu++14";
				CLANG_CXX_LIBRARY = "libc++";
				CLANG_ENABLE_MODULES = YES;
				CLANG_ENABLE_OBJC_ARC = YES;
				CLANG_WARN_BLOCK_CAPTURE_AUTORELEASING = YES;
				CLANG_WARN_BOOL_CONVERSION = YES;
				CLANG_WARN_COMMA = YES;
				CLANG_WARN_CONSTANT_CONVERSION = YES;
				CLANG_WARN_DIRECT_OBJC_ISA_USAGE = YES_ERROR;
				CLANG_WARN_DOCUMENTATION_COMMENTS = YES;
				CLANG_WARN_EMPTY_BODY = YES;
				CLANG_WARN_ENUM_CONVERSION = YES;
				CLANG_WARN_INFINITE_RECURSION = YES;
				CLANG_WARN_INT_CONVERSION = YES;
				CLANG_WARN_NON_LITERAL_NULL_CONVERSION = YES;
				CLANG_WARN_OBJC_LITERAL_CONVERSION = YES;
				CLANG_WARN_OBJC_ROOT_CLASS = YES_ERROR;
				CLANG_WARN_RANGE_LOOP_ANALYSIS = YES;
				CLANG_WARN_STRICT_PROTOTYPES = YES;
				CLANG_WARN_SUSPICIOUS_MOVE = YES;
				CLANG_WARN_UNGUARDED_AVAILABILITY = YES_AGGRESSIVE;
				CLANG_WARN_UNREACHABLE_CODE = YES;
				CLANG_WARN__DUPLICATE_METHOD_MATCH = YES;
				CODE_SIGN_IDENTITY = "iPhone Developer";
				COPY_PHASE_STRIP = NO;
				DEBUG_INFORMATION_FORMAT = "dwarf-with-dsym";
				ENABLE_NS_ASSERTIONS = NO;
				ENABLE_STRICT_OBJC_MSGSEND = YES;
				GCC_C_LANGUAGE_STANDARD = gnu11;
				GCC_NO_COMMON_BLOCKS = YES;
				GCC_WARN_64_TO_32_BIT_CONVERSION = YES;
				GCC_WARN_ABOUT_RETURN_TYPE = YES_ERROR;
				GCC_WARN_UNDECLARED_SELECTOR = YES;
				GCC_WARN_UNINITIALIZED_AUTOS = YES_AGGRESSIVE;
				GCC_WARN_UNUSED_FUNCTION = YES;
				GCC_WARN_UNUSED_VARIABLE = YES;
				IPHONEOS_DEPLOYMENT_TARGET = 11.2;
				MTL_ENABLE_DEBUG_INFO = NO;
				SDKROOT = iphoneos;
				VALIDATE_PRODUCT = YES;
			};
			name = Release;
		};
		461EBB9D207E363A00EB5947 /* Debug */ = {
			isa = XCBuildConfiguration;
			buildSettings = {
				ASSETCATALOG_COMPILER_APPICON_NAME = AppIcon;
				CODE_SIGN_STYLE = Automatic;
				DEVELOPMENT_TEAM = 695STD6YP8;
				INFOPLIST_FILE = MapAndTableDemo/Info.plist;
				IPHONEOS_DEPLOYMENT_TARGET = 9.0;
				LD_RUNPATH_SEARCH_PATHS = "$(inherited) @executable_path/Frameworks";
				PRODUCT_BUNDLE_IDENTIFIER = com.itiis.MapAndTableDemo;
				PRODUCT_NAME = "$(TARGET_NAME)";
				TARGETED_DEVICE_FAMILY = "1,2";
			};
			name = Debug;
		};
		461EBB9E207E363A00EB5947 /* Release */ = {
			isa = XCBuildConfiguration;
			buildSettings = {
				ASSETCATALOG_COMPILER_APPICON_NAME = AppIcon;
				CODE_SIGN_STYLE = Automatic;
				DEVELOPMENT_TEAM = 695STD6YP8;
				INFOPLIST_FILE = MapAndTableDemo/Info.plist;
				IPHONEOS_DEPLOYMENT_TARGET = 9.0;
				LD_RUNPATH_SEARCH_PATHS = "$(inherited) @executable_path/Frameworks";
				PRODUCT_BUNDLE_IDENTIFIER = com.itiis.MapAndTableDemo;
				PRODUCT_NAME = "$(TARGET_NAME)";
				TARGETED_DEVICE_FAMILY = "1,2";
			};
			name = Release;
		};
/* End XCBuildConfiguration section */

/* Begin XCConfigurationList section */
		461EBB81207E363A00EB5947 /* Build configuration list for PBXProject "MapAndTableDemo" */ = {
			isa = XCConfigurationList;
			buildConfigurations = (
				461EBB9A207E363A00EB5947 /* Debug */,
				461EBB9B207E363A00EB5947 /* Release */,
			);
			defaultConfigurationIsVisible = 0;
			defaultConfigurationName = Release;
		};
		461EBB9C207E363A00EB5947 /* Build configuration list for PBXNativeTarget "MapAndTableDemo" */ = {
			isa = XCConfigurationList;
			buildConfigurations = (
				461EBB9D207E363A00EB5947 /* Debug */,
				461EBB9E207E363A00EB5947 /* Release */,
			);
			defaultConfigurationIsVisible = 0;
			defaultConfigurationName = Release;
		};
/* End XCConfigurationList section */
	};
	rootObject = 461EBB7E207E363A00EB5947 /* Project object */;
}
